
Microsoft Visual Studio Solution File, Format Version 12.00
# Visual Studio 15
VisualStudioVersion = 15.0.26124.0
MinimumVisualStudioVersion = 15.0.26124.0
Project("{FAE04EC0-301F-11D3-BF4B-00C04F79EFBC}") = "API", "API\API.csproj", "{953EB3B9-7F18-47B6-9FD1-7F46A441477E}"
EndProject
Project("{FAE04EC0-301F-11D3-BF4B-00C04F79EFBC}") = "Application", "Application\Application.csproj", "{8F4ABFCD-5293-44E2-8973-EE3ED19FC0A8}"
EndProject
Project("{FAE04EC0-301F-11D3-BF4B-00C04F79EFBC}") = "Persistence", "Persistence\Persistence.csproj", "{9555F5D9-AB9B-4214-8AD8-B166AD1E8D12}"
EndProject
Project("{FAE04EC0-301F-11D3-BF4B-00C04F79EFBC}") = "Domain", "Domain\Domain.csproj", "{3813959D-36EA-4240-8A16-3DFA5B112517}"
EndProject
Global
	GlobalSection(SolutionConfigurationPlatforms) = preSolution
		Debug|Any CPU = Debug|Any CPU
		Debug|x64 = Debug|x64
		Debug|x86 = Debug|x86
		Release|Any CPU = Release|Any CPU
		Release|x64 = Release|x64
		Release|x86 = Release|x86
	EndGlobalSection
	GlobalSection(SolutionProperties) = preSolution
		HideSolutionNode = FALSE
	EndGlobalSection
	GlobalSection(ProjectConfigurationPlatforms) = postSolution
		{953EB3B9-7F18-47B6-9FD1-7F46A441477E}.Debug|Any CPU.ActiveCfg = Debug|Any CPU
		{953EB3B9-7F18-47B6-9FD1-7F46A441477E}.Debug|Any CPU.Build.0 = Debug|Any CPU
		{953EB3B9-7F18-47B6-9FD1-7F46A441477E}.Debug|x64.ActiveCfg = Debug|Any CPU
		{953EB3B9-7F18-47B6-9FD1-7F46A441477E}.Debug|x64.Build.0 = Debug|Any CPU
		{953EB3B9-7F18-47B6-9FD1-7F46A441477E}.Debug|x86.ActiveCfg = Debug|Any CPU
		{953EB3B9-7F18-47B6-9FD1-7F46A441477E}.Debug|x86.Build.0 = Debug|Any CPU
		{953EB3B9-7F18-47B6-9FD1-7F46A441477E}.Release|Any CPU.ActiveCfg = Release|Any CPU
		{953EB3B9-7F18-47B6-9FD1-7F46A441477E}.Release|Any CPU.Build.0 = Release|Any CPU
		{953EB3B9-7F18-47B6-9FD1-7F46A441477E}.Release|x64.ActiveCfg = Release|Any CPU
		{953EB3B9-7F18-47B6-9FD1-7F46A441477E}.Release|x64.Build.0 = Release|Any CPU
		{953EB3B9-7F18-47B6-9FD1-7F46A441477E}.Release|x86.ActiveCfg = Release|Any CPU
		{953EB3B9-7F18-47B6-9FD1-7F46A441477E}.Release|x86.Build.0 = Release|Any CPU
		{8F4ABFCD-5293-44E2-8973-EE3ED19FC0A8}.Debug|Any CPU.ActiveCfg = Debug|Any CPU
		{8F4ABFCD-5293-44E2-8973-EE3ED19FC0A8}.Debug|Any CPU.Build.0 = Debug|Any CPU
		{8F4ABFCD-5293-44E2-8973-EE3ED19FC0A8}.Debug|x64.ActiveCfg = Debug|Any CPU
		{8F4ABFCD-5293-44E2-8973-EE3ED19FC0A8}.Debug|x64.Build.0 = Debug|Any CPU
		{8F4ABFCD-5293-44E2-8973-EE3ED19FC0A8}.Debug|x86.ActiveCfg = Debug|Any CPU
		{8F4ABFCD-5293-44E2-8973-EE3ED19FC0A8}.Debug|x86.Build.0 = Debug|Any CPU
		{8F4ABFCD-5293-44E2-8973-EE3ED19FC0A8}.Release|Any CPU.ActiveCfg = Release|Any CPU
		{8F4ABFCD-5293-44E2-8973-EE3ED19FC0A8}.Release|Any CPU.Build.0 = Release|Any CPU
		{8F4ABFCD-5293-44E2-8973-EE3ED19FC0A8}.Release|x64.ActiveCfg = Release|Any CPU
		{8F4ABFCD-5293-44E2-8973-EE3ED19FC0A8}.Release|x64.Build.0 = Release|Any CPU
		{8F4ABFCD-5293-44E2-8973-EE3ED19FC0A8}.Release|x86.ActiveCfg = Release|Any CPU
		{8F4ABFCD-5293-44E2-8973-EE3ED19FC0A8}.Release|x86.Build.0 = Release|Any CPU
		{9555F5D9-AB9B-4214-8AD8-B166AD1E8D12}.Debug|Any CPU.ActiveCfg = Debug|Any CPU
		{9555F5D9-AB9B-4214-8AD8-B166AD1E8D12}.Debug|Any CPU.Build.0 = Debug|Any CPU
		{9555F5D9-AB9B-4214-8AD8-B166AD1E8D12}.Debug|x64.ActiveCfg = Debug|Any CPU
		{9555F5D9-AB9B-4214-8AD8-B166AD1E8D12}.Debug|x64.Build.0 = Debug|Any CPU
		{9555F5D9-AB9B-4214-8AD8-B166AD1E8D12}.Debug|x86.ActiveCfg = Debug|Any CPU
		{9555F5D9-AB9B-4214-8AD8-B166AD1E8D12}.Debug|x86.Build.0 = Debug|Any CPU
		{9555F5D9-AB9B-4214-8AD8-B166AD1E8D12}.Release|Any CPU.ActiveCfg = Release|Any CPU
		{9555F5D9-AB9B-4214-8AD8-B166AD1E8D12}.Release|Any CPU.Build.0 = Release|Any CPU
		{9555F5D9-AB9B-4214-8AD8-B166AD1E8D12}.Release|x64.ActiveCfg = Release|Any CPU
		{9555F5D9-AB9B-4214-8AD8-B166AD1E8D12}.Release|x64.Build.0 = Release|Any CPU
		{9555F5D9-AB9B-4214-8AD8-B166AD1E8D12}.Release|x86.ActiveCfg = Release|Any CPU
		{9555F5D9-AB9B-4214-8AD8-B166AD1E8D12}.Release|x86.Build.0 = Release|Any CPU
		{3813959D-36EA-4240-8A16-3DFA5B112517}.Debug|Any CPU.ActiveCfg = Debug|Any CPU
		{3813959D-36EA-4240-8A16-3DFA5B112517}.Debug|Any CPU.Build.0 = Debug|Any CPU
		{3813959D-36EA-4240-8A16-3DFA5B112517}.Debug|x64.ActiveCfg = Debug|Any CPU
		{3813959D-36EA-4240-8A16-3DFA5B112517}.Debug|x64.Build.0 = Debug|Any CPU
		{3813959D-36EA-4240-8A16-3DFA5B112517}.Debug|x86.ActiveCfg = Debug|Any CPU
		{3813959D-36EA-4240-8A16-3DFA5B112517}.Debug|x86.Build.0 = Debug|Any CPU
		{3813959D-36EA-4240-8A16-3DFA5B112517}.Release|Any CPU.ActiveCfg = Release|Any CPU
		{3813959D-36EA-4240-8A16-3DFA5B112517}.Release|Any CPU.Build.0 = Release|Any CPU
		{3813959D-36EA-4240-8A16-3DFA5B112517}.Release|x64.ActiveCfg = Release|Any CPU
		{3813959D-36EA-4240-8A16-3DFA5B112517}.Release|x64.Build.0 = Release|Any CPU
		{3813959D-36EA-4240-8A16-3DFA5B112517}.Release|x86.ActiveCfg = Release|Any CPU
		{3813959D-36EA-4240-8A16-3DFA5B112517}.Release|x86.Build.0 = Release|Any CPU
	EndGlobalSection
EndGlobal
